
Microsoft Visual Studio Solution File, Format Version 12.00
# Visual Studio Version 17
VisualStudioVersion = 17.3.32804.467
MinimumVisualStudioVersion = 10.0.40219.1
Project("{FAE04EC0-301F-11D3-BF4B-00C04F79EFBC}") = "Rock, paper or scissors", "Rock, paper or scissors\Rock, paper or scissors.csproj", "{E7024563-66B2-4CCB-9AAA-61679F0F62FB}"
EndProject
Global
	GlobalSection(SolutionConfigurationPlatforms) = preSolution
		Debug|Any CPU = Debug|Any CPU
		Release|Any CPU = Release|Any CPU
	EndGlobalSection
	GlobalSection(ProjectConfigurationPlatforms) = postSolution
		{E7024563-66B2-4CCB-9AAA-61679F0F62FB}.Debug|Any CPU.ActiveCfg = Debug|Any CPU
		{E7024563-66B2-4CCB-9AAA-61679F0F62FB}.Debug|Any CPU.Build.0 = Debug|Any CPU
		{E7024563-66B2-4CCB-9AAA-61679F0F62FB}.Release|Any CPU.ActiveCfg = Release|Any CPU
		{E7024563-66B2-4CCB-9AAA-61679F0F62FB}.Release|Any CPU.Build.0 = Release|Any CPU
	EndGlobalSection
	GlobalSection(SolutionProperties) = preSolution
		HideSolutionNode = FALSE
	EndGlobalSection
	GlobalSection(ExtensibilityGlobals) = postSolution
		SolutionGuid = {9F6A2FB8-4D7F-469E-B820-C61A03459F14}
	EndGlobalSection
EndGlobal
